artist: New Kids on the Block
wikipedia: https://en.wikipedia.org/wiki/New_Kids_on_the_Block
songs:
  - title: Tonight
    year: 1990
    deezer: 1065851
    shazam: 45736023
    wikipedia: https://en.wikipedia.org/wiki/Tonight_(New_Kids_on_the_Block_song)
    youtube: [JTo3N73hpPg, 9Wz4Ltg1gxo, _8N_089Br1Y]
    tags: [3, fast]
